
Microsoft Visual Studio Solution File, Format Version 12.00
# Visual Studio Version 16
VisualStudioVersion = 16.0.31702.278
MinimumVisualStudioVersion = 10.0.40219.1
Project("{9A19103F-16F7-4668-BE54-9A1E7A4F7556}") = "TheConfigurator2000", "TheConfigurator2000\TheConfigurator2000.csproj", "{54D4FD7E-08A1-4345-A75B-7984A8D442CC}"
EndProject
Global
	GlobalSection(SolutionConfigurationPlatforms) = preSolution
		Debug|Any CPU = Debug|Any CPU
		Release|Any CPU = Release|Any CPU
	EndGlobalSection
	GlobalSection(ProjectConfigurationPlatforms) = postSolution
		{54D4FD7E-08A1-4345-A75B-7984A8D442CC}.Debug|Any CPU.ActiveCfg = Debug|Any CPU
		{54D4FD7E-08A1-4345-A75B-7984A8D442CC}.Debug|Any CPU.Build.0 = Debug|Any CPU
		{54D4FD7E-08A1-4345-A75B-7984A8D442CC}.Release|Any CPU.ActiveCfg = Release|Any CPU
		{54D4FD7E-08A1-4345-A75B-7984A8D442CC}.Release|Any CPU.Build.0 = Release|Any CPU
	EndGlobalSection
	GlobalSection(SolutionProperties) = preSolution
		HideSolutionNode = FALSE
	EndGlobalSection
	GlobalSection(ExtensibilityGlobals) = postSolution
		SolutionGuid = {5C2288F6-C2BF-437C-B0F6-9B4B6479CFBB}
	EndGlobalSection
EndGlobal
